{"files":[],"modules":{"\/home\/webneat\/workspace\/projects\/mate\/src\/common.php":"df2b3a2c","\/home\/webneat\/workspace\/projects\/mate\/src\/doc.php":"0e95d477","\/home\/webneat\/workspace\/projects\/mate\/src\/parse.php":"e31955fb","\/home\/webneat\/workspace\/projects\/mate\/src\/test.php":"3bcefced","\/home\/webneat\/workspace\/projects\/mate\/src\/types\/Block.php":"0275a392","\/home\/webneat\/workspace\/projects\/mate\/src\/types\/Config.php":"7c450622","\/home\/webneat\/workspace\/projects\/mate\/src\/types\/Doc.php":"938d2bd2","\/home\/webneat\/workspace\/projects\/mate\/src\/types\/File.php":"814fbe38","\/home\/webneat\/workspace\/projects\/mate\/src\/types\/FunctionBlock.php":"acee5c9f","\/home\/webneat\/workspace\/projects\/mate\/src\/types\/FunctionDoc.php":"6d710b7f","\/home\/webneat\/workspace\/projects\/mate\/src\/types\/FunctionTest.php":"8925c3c3","\/home\/webneat\/workspace\/projects\/mate\/src\/types\/Module.php":"24a156e7","\/home\/webneat\/workspace\/projects\/mate\/src\/types\/Parameter.php":"6f51e554","\/home\/webneat\/workspace\/projects\/mate\/src\/types\/Tag.php":"b32dbd62","\/home\/webneat\/workspace\/projects\/mate\/src\/types\/Test.php":"ae137257","\/home\/webneat\/workspace\/projects\/mate\/src\/types\/TypeBlock.php":"b8b2348b","\/home\/webneat\/workspace\/projects\/mate\/src\/types\/TypeDoc.php":"dee4e812","\/home\/webneat\/workspace\/projects\/mate\/src\/types\/UnknownBlock.php":"8cea38a5","\/home\/webneat\/workspace\/projects\/mate\/src\/_types.php":"06d7df6a"}}