{"\/home\/webneat\/workspace\/projects\/mate\/src\/common.php":"e5552c7dd43005dc342f196b8e0ae392","\/home\/webneat\/workspace\/projects\/mate\/src\/parse.php":"89ef99f4cb71aa3726fa8150811ba6b1","\/home\/webneat\/workspace\/projects\/mate\/src\/types\/Block.php":"8323d2cb7961cde893254d5e44c44d60","\/home\/webneat\/workspace\/projects\/mate\/src\/types\/Config.php":"fb6eeed4303f8951d609fa44f0477fec","\/home\/webneat\/workspace\/projects\/mate\/src\/types\/Doc.php":"b191fc9ae6e9a5ec6618a896b9a31747","\/home\/webneat\/workspace\/projects\/mate\/src\/types\/File.php":"9dd3e66d76b2fcb0c87bdb9fb50e8c71","\/home\/webneat\/workspace\/projects\/mate\/src\/types\/FunctionBlock.php":"c88db9fb34d1af62c3c3bc43272d680f","\/home\/webneat\/workspace\/projects\/mate\/src\/types\/FunctionDoc.php":"dba283bdd54fcdc152af1a9a7b640e59","\/home\/webneat\/workspace\/projects\/mate\/src\/types\/FunctionTest.php":"435976283cee8776b2f29c662180ab01","\/home\/webneat\/workspace\/projects\/mate\/src\/types\/Module.php":"3616f4c7e6db7a2b416616d4063be9a4","\/home\/webneat\/workspace\/projects\/mate\/src\/types\/Parameter.php":"310eefcd0275765599cbbeeceee2b953","\/home\/webneat\/workspace\/projects\/mate\/src\/types\/Tag.php":"1a85ae34ae04981a353816903ee9c1d7","\/home\/webneat\/workspace\/projects\/mate\/src\/types\/Test.php":"f806778873b7c9fd455a4e07576cce20","\/home\/webneat\/workspace\/projects\/mate\/src\/types\/TypeBlock.php":"af5d20741bb212bfb94eba8e790a0d5b","\/home\/webneat\/workspace\/projects\/mate\/src\/types\/TypeDoc.php":"ceed6c20e6bf15ea3729542e90fa660d","\/home\/webneat\/workspace\/projects\/mate\/src\/types\/UnknownBlock.php":"5c5189c899dc1de688082b382d3a6020","\/home\/webneat\/workspace\/projects\/mate\/src\/_types.php":"ba63b58c1ec84dec345f3cfa1a5f1f35"}