{"files":{"\/home\/webneat\/workspace\/projects\/mate\/src\/common.php":"18832394","\/home\/webneat\/workspace\/projects\/mate\/src\/doc.php":"1db85edc","\/home\/webneat\/workspace\/projects\/mate\/src\/parse.php":"d6edd445","\/home\/webneat\/workspace\/projects\/mate\/src\/render.php":"ca386b19","\/home\/webneat\/workspace\/projects\/mate\/src\/test.php":"015b5be1","\/home\/webneat\/workspace\/projects\/mate\/src\/classes\/MateCommand.php":"9ed3d4b5","\/home\/webneat\/workspace\/projects\/mate\/src\/classes\/TestCase.php":"37226420","\/home\/webneat\/workspace\/projects\/mate\/src\/types\/Block.php":"9cd83fb2","\/home\/webneat\/workspace\/projects\/mate\/src\/types\/Config.php":"8de82492","\/home\/webneat\/workspace\/projects\/mate\/src\/types\/Doc.php":"d863c18f","\/home\/webneat\/workspace\/projects\/mate\/src\/types\/File.php":"ec3668e3","\/home\/webneat\/workspace\/projects\/mate\/src\/types\/FunctionBlock.php":"9258ee3f","\/home\/webneat\/workspace\/projects\/mate\/src\/types\/FunctionDoc.php":"7947baae","\/home\/webneat\/workspace\/projects\/mate\/src\/types\/FunctionTest.php":"94bc6bc7","\/home\/webneat\/workspace\/projects\/mate\/src\/types\/Module.php":"3459f54c","\/home\/webneat\/workspace\/projects\/mate\/src\/types\/Parameter.php":"8bbd8f90","\/home\/webneat\/workspace\/projects\/mate\/src\/types\/Tag.php":"3a306237","\/home\/webneat\/workspace\/projects\/mate\/src\/types\/Test.php":"72eb0187","\/home\/webneat\/workspace\/projects\/mate\/src\/types\/TypeBlock.php":"de56c2f4","\/home\/webneat\/workspace\/projects\/mate\/src\/types\/TypeDoc.php":"f74091f5","\/home\/webneat\/workspace\/projects\/mate\/src\/types\/UnknownBlock.php":"72e597a0","\/home\/webneat\/workspace\/projects\/mate\/src\/sample.php":"01a0b8b2"},"modules":{"\/home\/webneat\/workspace\/projects\/mate\/src\/common.php":"2fb83deb","\/home\/webneat\/workspace\/projects\/mate\/src\/doc.php":"cfc1d651","\/home\/webneat\/workspace\/projects\/mate\/src\/parse.php":"e3d25da4","\/home\/webneat\/workspace\/projects\/mate\/src\/test.php":"226ffed0","\/home\/webneat\/workspace\/projects\/mate\/src\/types\/Block.php":"97d2a56e","\/home\/webneat\/workspace\/projects\/mate\/src\/types\/Config.php":"20460810","\/home\/webneat\/workspace\/projects\/mate\/src\/types\/Doc.php":"4a0a2daa","\/home\/webneat\/workspace\/projects\/mate\/src\/types\/File.php":"653cc010","\/home\/webneat\/workspace\/projects\/mate\/src\/types\/FunctionBlock.php":"1f4b5e77","\/home\/webneat\/workspace\/projects\/mate\/src\/types\/FunctionDoc.php":"09af0d57","\/home\/webneat\/workspace\/projects\/mate\/src\/types\/FunctionTest.php":"a83ac59b","\/home\/webneat\/workspace\/projects\/mate\/src\/types\/Module.php":"5ab158bf","\/home\/webneat\/workspace\/projects\/mate\/src\/types\/Parameter.php":"b593e72c","\/home\/webneat\/workspace\/projects\/mate\/src\/types\/Tag.php":"8eccbf3a","\/home\/webneat\/workspace\/projects\/mate\/src\/types\/Test.php":"dbb6742f","\/home\/webneat\/workspace\/projects\/mate\/src\/types\/TypeBlock.php":"c1e93663","\/home\/webneat\/workspace\/projects\/mate\/src\/types\/TypeDoc.php":"3a81e9ea","\/home\/webneat\/workspace\/projects\/mate\/src\/types\/UnknownBlock.php":"bd173a7d","\/home\/webneat\/workspace\/projects\/mate\/src\/_types.php":"39c2e6ce","\/home\/webneat\/workspace\/projects\/mate\/src\/sample.php":"7efdc011"}}